
Microsoft Visual Studio Solution File, Format Version 12.00
# Visual Studio Version 16
VisualStudioVersion = 16.0.32002.261
MinimumVisualStudioVersion = 10.0.40219.1
Project("{FAE04EC0-301F-11D3-BF4B-00C04F79EFBC}") = "TestScripts", "TestScripts\TestScripts.csproj", "{74E167E1-A61B-4EE4-8E7F-C61BF47C90D7}"
EndProject
Global
	GlobalSection(SolutionConfigurationPlatforms) = preSolution
		Debug|Any CPU = Debug|Any CPU
		Release|Any CPU = Release|Any CPU
	EndGlobalSection
	GlobalSection(ProjectConfigurationPlatforms) = postSolution
		{74E167E1-A61B-4EE4-8E7F-C61BF47C90D7}.Debug|Any CPU.ActiveCfg = Debug|Any CPU
		{74E167E1-A61B-4EE4-8E7F-C61BF47C90D7}.Debug|Any CPU.Build.0 = Debug|Any CPU
		{74E167E1-A61B-4EE4-8E7F-C61BF47C90D7}.Release|Any CPU.ActiveCfg = Release|Any CPU
		{74E167E1-A61B-4EE4-8E7F-C61BF47C90D7}.Release|Any CPU.Build.0 = Release|Any CPU
	EndGlobalSection
	GlobalSection(SolutionProperties) = preSolution
		HideSolutionNode = FALSE
	EndGlobalSection
	GlobalSection(ExtensibilityGlobals) = postSolution
		SolutionGuid = {120DFD2C-2958-4351-9F59-420DB657DA07}
	EndGlobalSection
EndGlobal
